
Microsoft Visual Studio Solution File, Format Version 12.00
# Visual Studio Version 17
VisualStudioVersion = 17.7.34221.43
MinimumVisualStudioVersion = 10.0.40219.1
Project("{FAE04EC0-301F-11D3-BF4B-00C04F79EFBC}") = "day19", "day19\day19.csproj", "{9698173B-6663-423D-AF98-7557471663DD}"
EndProject
Global
	GlobalSection(SolutionConfigurationPlatforms) = preSolution
		Debug|Any CPU = Debug|Any CPU
		Release|Any CPU = Release|Any CPU
	EndGlobalSection
	GlobalSection(ProjectConfigurationPlatforms) = postSolution
		{9698173B-6663-423D-AF98-7557471663DD}.Debug|Any CPU.ActiveCfg = Debug|Any CPU
		{9698173B-6663-423D-AF98-7557471663DD}.Debug|Any CPU.Build.0 = Debug|Any CPU
		{9698173B-6663-423D-AF98-7557471663DD}.Release|Any CPU.ActiveCfg = Release|Any CPU
		{9698173B-6663-423D-AF98-7557471663DD}.Release|Any CPU.Build.0 = Release|Any CPU
	EndGlobalSection
	GlobalSection(SolutionProperties) = preSolution
		HideSolutionNode = FALSE
	EndGlobalSection
	GlobalSection(ExtensibilityGlobals) = postSolution
		SolutionGuid = {EE1DDFB2-C058-4E00-AFE2-052C314E25E4}
	EndGlobalSection
EndGlobal
